
Microsoft Visual Studio Solution File, Format Version 12.00
# Visual Studio Version 17
VisualStudioVersion = 17.7.34031.279
MinimumVisualStudioVersion = 10.0.40219.1
Project("{FAE04EC0-301F-11D3-BF4B-00C04F79EFBC}") = "GA_GitHub_Tutorial", "GA_GitHub_Tutorial.csproj", "{3D233470-E3CD-4BE5-884C-61F185B54BD5}"
EndProject
Global
	GlobalSection(SolutionConfigurationPlatforms) = preSolution
		Debug|Any CPU = Debug|Any CPU
		Release|Any CPU = Release|Any CPU
	EndGlobalSection
	GlobalSection(ProjectConfigurationPlatforms) = postSolution
		{3D233470-E3CD-4BE5-884C-61F185B54BD5}.Debug|Any CPU.ActiveCfg = Debug|Any CPU
		{3D233470-E3CD-4BE5-884C-61F185B54BD5}.Debug|Any CPU.Build.0 = Debug|Any CPU
		{3D233470-E3CD-4BE5-884C-61F185B54BD5}.Release|Any CPU.ActiveCfg = Release|Any CPU
		{3D233470-E3CD-4BE5-884C-61F185B54BD5}.Release|Any CPU.Build.0 = Release|Any CPU
	EndGlobalSection
	GlobalSection(SolutionProperties) = preSolution
		HideSolutionNode = FALSE
	EndGlobalSection
	GlobalSection(ExtensibilityGlobals) = postSolution
		SolutionGuid = {BBED047F-9CFC-4490-8071-A41D9BBBFA22}
	EndGlobalSection
EndGlobal
